{
  "name": "bushido",
  "lockfileVersion": 3,
  "requires": true,
  "packages": {
    "": {
      "dependencies": {
        "tributejs": "^5.1.3"
      }
    },
    "node_modules/tributejs": {
      "version": "5.1.3",
      "resolved": "https://registry.npmjs.org/tributejs/-/tributejs-5.1.3.tgz",
      "integrity": "sha512-B5CXihaVzXw+1UHhNFyAwUTMDk1EfoLP5Tj1VhD9yybZ1I8DZJEv8tZ1l0RJo0t0tk9ZhR8eG5tEsaCvRigmdQ==",
      "license": "MIT"
    }
  }
}
