{
  "version": 4,
  "terraform_version": "1.15.8",
  "serial": 23,
  "lineage": "7bb69350-298a-c6ec-4d07-28648df33b7a",
  "outputs": {
    "database_name": {
      "value": "bushido-db",
      "type": "string"
    },
    "fastapi_url": {
      "value": "https://ca-bushido-dev.greenpond-f53db08d.switzerlandnorth.azurecontainerapps.io",
      "type": "string"
    },
    "sql_server": {
      "value": "sql-bushido-nj.database.windows.net",
      "type": "string"
    }
  },
  "resources": [
    {
      "mode": "managed",
      "type": "azurerm_container_app",
      "name": "bushido",
      "provider": "provider[\"registry.terraform.io/hashicorp/azurerm\"]",
      "instances": [
        {
          "schema_version": 0,
          "attributes": {
            "container_app_environment_id": "/subscriptions/7ac16846-00c8-4956-ac3b-4d8d2bb3ab84/resourceGroups/rg-bushido-dev/providers/Microsoft.App/managedEnvironments/cae-bushido-dev",
            "custom_domain_verification_id": "B707F197C04802FDDFA88F42AA96191CF41719C756686A5DD5FE0ED495FD72EE",
            "dapr": [],
            "id": "/subscriptions/7ac16846-00c8-4956-ac3b-4d8d2bb3ab84/resourceGroups/rg-bushido-dev/providers/Microsoft.App/containerApps/ca-bushido-dev",
            "identity": [],
            "ingress": [
              {
                "allow_insecure_connections": false,
                "client_certificate_mode": "",
                "cors": [],
                "custom_domain": [],
                "exposed_port": 0,
                "external_enabled": true,
                "fqdn": "ca-bushido-dev.greenpond-f53db08d.switzerlandnorth.azurecontainerapps.io",
                "ip_security_restriction": [],
                "target_port": 8000,
                "traffic_weight": [
                  {
                    "label": "",
                    "latest_revision": true,
                    "percentage": 100,
                    "revision_suffix": ""
                  }
                ],
                "transport": "auto"
              }
            ],
            "latest_revision_fqdn": "ca-bushido-dev--p8bflew.greenpond-f53db08d.switzerlandnorth.azurecontainerapps.io",
            "latest_revision_name": "ca-bushido-dev--p8bflew",
            "location": "switzerlandnorth",
            "max_inactive_revisions": 0,
            "name": "ca-bushido-dev",
            "outbound_ip_addresses": [
              "20.250.96.187"
            ],
            "registry": [],
            "resource_group_name": "rg-bushido-dev",
            "revision_mode": "Single",
            "secret": [
              {
                "identity": "",
                "key_vault_secret_id": "",
                "name": "db-password",
                "value": "yesYoYes101-yo"
              }
            ],
            "tags": {},
            "template": [
              {
                "azure_queue_scale_rule": [],
                "container": [
                  {
                    "args": [],
                    "command": [],
                    "cpu": 0.25,
                    "env": [
                      {
                        "name": "DB_HOST",
                        "secret_name": "",
                        "value": "sql-bushido-nj.database.windows.net"
                      },
                      {
                        "name": "DB_NAME",
                        "secret_name": "",
                        "value": "bushido-db"
                      },
                      {
                        "name": "DB_USER",
                        "secret_name": "",
                        "value": "bushidoadmin"
                      },
                      {
                        "name": "DB_PASSWORD",
                        "secret_name": "db-password",
                        "value": ""
                      }
                    ],
                    "ephemeral_storage": "1Gi",
                    "image": "mcr.microsoft.com/k8se/quickstart:latest",
                    "liveness_probe": [],
                    "memory": "0.5Gi",
                    "name": "bushido-server",
                    "readiness_probe": [],
                    "startup_probe": [],
                    "volume_mounts": []
                  }
                ],
                "cooldown_period_in_seconds": 300,
                "custom_scale_rule": [],
                "http_scale_rule": [],
                "init_container": [],
                "max_replicas": 1,
                "min_replicas": 1,
                "polling_interval_in_seconds": 30,
                "revision_suffix": "",
                "tcp_scale_rule": [],
                "termination_grace_period_seconds": 0,
                "volume": []
              }
            ],
            "timeouts": null,
            "workload_profile_name": ""
          },
          "sensitive_attributes": [
            [
              {
                "type": "get_attr",
                "value": "custom_domain_verification_id"
              }
            ],
            [
              {
                "type": "get_attr",
                "value": "secret"
              }
            ]
          ],
          "identity_schema_version": 0,
          "private": "eyJlMmJmYjczMC1lY2FhLTExZTYtOGY4OC0zNDM2M2JjN2M0YzAiOnsiY3JlYXRlIjoxODAwMDAwMDAwMDAwLCJkZWxldGUiOjE4MDAwMDAwMDAwMDAsInJlYWQiOjMwMDAwMDAwMDAwMCwidXBkYXRlIjoxODAwMDAwMDAwMDAwfX0=",
          "dependencies": [
            "azurerm_container_app_environment.bushido",
            "azurerm_container_registry.bushido",
            "azurerm_mssql_database.bushido",
            "azurerm_mssql_server.bushido",
            "azurerm_resource_group.bushido",
            "azurerm_user_assigned_identity.bushido"
          ]
        }
      ]
    },
    {
      "mode": "managed",
      "type": "azurerm_container_app_environment",
      "name": "bushido",
      "provider": "provider[\"registry.terraform.io/hashicorp/azurerm\"]",
      "instances": [
        {
          "schema_version": 0,
          "attributes": {
            "custom_domain_verification_id": "B707F197C04802FDDFA88F42AA96191CF41719C756686A5DD5FE0ED495FD72EE",
            "dapr_application_insights_connection_string": "",
            "default_domain": "greenpond-f53db08d.switzerlandnorth.azurecontainerapps.io",
            "docker_bridge_cidr": "",
            "id": "/subscriptions/7ac16846-00c8-4956-ac3b-4d8d2bb3ab84/resourceGroups/rg-bushido-dev/providers/Microsoft.App/managedEnvironments/cae-bushido-dev",
            "identity": [],
            "infrastructure_resource_group_name": "",
            "infrastructure_subnet_id": "",
            "internal_load_balancer_enabled": false,
            "location": "switzerlandnorth",
            "log_analytics_workspace_id": "",
            "logs_destination": "",
            "mutual_tls_enabled": false,
            "name": "cae-bushido-dev",
            "platform_reserved_cidr": "",
            "platform_reserved_dns_ip_address": "",
            "public_network_access": "Enabled",
            "resource_group_name": "rg-bushido-dev",
            "static_ip_address": "74.161.105.20",
            "tags": {},
            "timeouts": null,
            "workload_profile": [],
            "zone_redundancy_enabled": false
          },
          "sensitive_attributes": [
            [
              {
                "type": "get_attr",
                "value": "dapr_application_insights_connection_string"
              }
            ]
          ],
          "identity_schema_version": 0,
          "private": "eyJlMmJmYjczMC1lY2FhLTExZTYtOGY4OC0zNDM2M2JjN2M0YzAiOnsiY3JlYXRlIjoxODAwMDAwMDAwMDAwLCJkZWxldGUiOjE4MDAwMDAwMDAwMDAsInJlYWQiOjMwMDAwMDAwMDAwMCwidXBkYXRlIjoxODAwMDAwMDAwMDAwfX0=",
          "dependencies": [
            "azurerm_resource_group.bushido"
          ]
        }
      ]
    },
    {
      "mode": "managed",
      "type": "azurerm_mssql_database",
      "name": "bushido",
      "provider": "provider[\"registry.terraform.io/hashicorp/azurerm\"]",
      "instances": [
        {
          "schema_version": 1,
          "attributes": {
            "auto_pause_delay_in_minutes": 0,
            "collation": "SQL_Latin1_General_CP1_CI_AS",
            "create_mode": "Default",
            "creation_source_database_id": null,
            "elastic_pool_id": "",
            "enclave_type": "",
            "geo_backup_enabled": true,
            "id": "/subscriptions/7ac16846-00c8-4956-ac3b-4d8d2bb3ab84/resourceGroups/rg-bushido-dev/providers/Microsoft.Sql/servers/sql-bushido-nj/databases/bushido-db",
            "identity": [],
            "import": [],
            "ledger_enabled": false,
            "license_type": "",
            "long_term_retention_policy": [
              {
                "monthly_retention": "PT0S",
                "week_of_year": 1,
                "weekly_retention": "PT0S",
                "yearly_retention": "PT0S"
              }
            ],
            "maintenance_configuration_name": "SQL_Default",
            "max_size_gb": 2,
            "min_capacity": 0,
            "name": "bushido-db",
            "read_replica_count": 0,
            "read_scale": false,
            "recover_database_id": null,
            "recovery_point_id": null,
            "restore_dropped_database_id": null,
            "restore_long_term_retention_backup_id": null,
            "restore_point_in_time": null,
            "sample_name": null,
            "secondary_type": "",
            "server_id": "/subscriptions/7ac16846-00c8-4956-ac3b-4d8d2bb3ab84/resourceGroups/rg-bushido-dev/providers/Microsoft.Sql/servers/sql-bushido-nj",
            "short_term_retention_policy": [
              {
                "backup_interval_in_hours": 24,
                "retention_days": 7
              }
            ],
            "sku_name": "Basic",
            "storage_account_type": "Geo",
            "tags": {},
            "threat_detection_policy": [
              {
                "disabled_alerts": [],
                "email_account_admins_enabled": false,
                "email_addresses": [],
                "retention_days": 0,
                "state": "Disabled",
                "storage_account_access_key": "",
                "storage_endpoint": ""
              }
            ],
            "timeouts": null,
            "transparent_data_encryption_enabled": true,
            "transparent_data_encryption_key_automatic_rotation_enabled": false,
            "transparent_data_encryption_key_vault_key_id": "",
            "zone_redundant": false
          },
          "sensitive_attributes": [
            [
              {
                "type": "get_attr",
                "value": "threat_detection_policy"
              },
              {
                "type": "index",
                "value": {
                  "value": 0,
                  "type": "number"
                }
              },
              {
                "type": "get_attr",
                "value": "storage_account_access_key"
              }
            ]
          ],
          "identity_schema_version": 0,
          "identity": {
            "name": "bushido-db",
            "resource_group_name": "rg-bushido-dev",
            "server_name": "sql-bushido-nj",
            "subscription_id": "7ac16846-00c8-4956-ac3b-4d8d2bb3ab84"
          },
          "private": "eyJlMmJmYjczMC1lY2FhLTExZTYtOGY4OC0zNDM2M2JjN2M0YzAiOnsiY3JlYXRlIjozNjAwMDAwMDAwMDAwLCJkZWxldGUiOjM2MDAwMDAwMDAwMDAsInJlYWQiOjMwMDAwMDAwMDAwMCwidXBkYXRlIjozNjAwMDAwMDAwMDAwfSwic2NoZW1hX3ZlcnNpb24iOiIxIn0=",
          "dependencies": [
            "azurerm_mssql_server.bushido",
            "azurerm_resource_group.bushido"
          ]
        }
      ]
    },
    {
      "mode": "managed",
      "type": "azurerm_mssql_firewall_rule",
      "name": "azure",
      "provider": "provider[\"registry.terraform.io/hashicorp/azurerm\"]",
      "instances": [
        {
          "schema_version": 0,
          "attributes": {
            "end_ip_address": "0.0.0.0",
            "id": "/subscriptions/7ac16846-00c8-4956-ac3b-4d8d2bb3ab84/resourceGroups/rg-bushido-dev/providers/Microsoft.Sql/servers/sql-bushido-nj/firewallRules/AllowAzureServices",
            "name": "AllowAzureServices",
            "server_id": "/subscriptions/7ac16846-00c8-4956-ac3b-4d8d2bb3ab84/resourceGroups/rg-bushido-dev/providers/Microsoft.Sql/servers/sql-bushido-nj",
            "start_ip_address": "0.0.0.0",
            "timeouts": null
          },
          "sensitive_attributes": [],
          "identity_schema_version": 0,
          "private": "eyJlMmJmYjczMC1lY2FhLTExZTYtOGY4OC0zNDM2M2JjN2M0YzAiOnsiY3JlYXRlIjoxODAwMDAwMDAwMDAwLCJkZWxldGUiOjE4MDAwMDAwMDAwMDAsInJlYWQiOjMwMDAwMDAwMDAwMCwidXBkYXRlIjoxODAwMDAwMDAwMDAwfX0=",
          "dependencies": [
            "azurerm_mssql_server.bushido",
            "azurerm_resource_group.bushido"
          ]
        }
      ]
    },
    {
      "mode": "managed",
      "type": "azurerm_mssql_server",
      "name": "bushido",
      "provider": "provider[\"registry.terraform.io/hashicorp/azurerm\"]",
      "instances": [
        {
          "schema_version": 0,
          "attributes": {
            "administrator_login": "bushidoadmin",
            "administrator_login_password": "yesYoYes101-yo",
            "administrator_login_password_wo": null,
            "administrator_login_password_wo_version": 0,
            "azuread_administrator": [],
            "connection_policy": "Default",
            "express_vulnerability_assessment_enabled": false,
            "fully_qualified_domain_name": "sql-bushido-nj.database.windows.net",
            "id": "/subscriptions/7ac16846-00c8-4956-ac3b-4d8d2bb3ab84/resourceGroups/rg-bushido-dev/providers/Microsoft.Sql/servers/sql-bushido-nj",
            "identity": [],
            "location": "switzerlandnorth",
            "minimum_tls_version": "1.2",
            "name": "sql-bushido-nj",
            "outbound_network_restriction_enabled": false,
            "primary_user_assigned_identity_id": "",
            "public_network_access_enabled": true,
            "resource_group_name": "rg-bushido-dev",
            "restorable_dropped_database_ids": [],
            "tags": {},
            "timeouts": null,
            "transparent_data_encryption_key_vault_key_id": "",
            "version": "12.0"
          },
          "sensitive_attributes": [
            [
              {
                "type": "get_attr",
                "value": "administrator_login_password"
              }
            ],
            [
              {
                "type": "get_attr",
                "value": "administrator_login_password_wo"
              }
            ]
          ],
          "identity_schema_version": 0,
          "identity": {
            "name": "sql-bushido-nj",
            "resource_group_name": "rg-bushido-dev",
            "subscription_id": "7ac16846-00c8-4956-ac3b-4d8d2bb3ab84"
          },
          "private": "eyJlMmJmYjczMC1lY2FhLTExZTYtOGY4OC0zNDM2M2JjN2M0YzAiOnsiY3JlYXRlIjozNjAwMDAwMDAwMDAwLCJkZWxldGUiOjM2MDAwMDAwMDAwMDAsInJlYWQiOjMwMDAwMDAwMDAwMCwidXBkYXRlIjozNjAwMDAwMDAwMDAwfX0=",
          "dependencies": [
            "azurerm_resource_group.bushido"
          ]
        }
      ]
    },
    {
      "mode": "managed",
      "type": "azurerm_resource_group",
      "name": "bushido",
      "provider": "provider[\"registry.terraform.io/hashicorp/azurerm\"]",
      "instances": [
        {
          "schema_version": 0,
          "attributes": {
            "id": "/subscriptions/7ac16846-00c8-4956-ac3b-4d8d2bb3ab84/resourceGroups/rg-bushido-dev",
            "location": "switzerlandnorth",
            "managed_by": "",
            "name": "rg-bushido-dev",
            "tags": {},
            "timeouts": null
          },
          "sensitive_attributes": [],
          "identity_schema_version": 0,
          "identity": {
            "name": "rg-bushido-dev",
            "subscription_id": "7ac16846-00c8-4956-ac3b-4d8d2bb3ab84"
          },
          "private": "eyJlMmJmYjczMC1lY2FhLTExZTYtOGY4OC0zNDM2M2JjN2M0YzAiOnsiY3JlYXRlIjo1NDAwMDAwMDAwMDAwLCJkZWxldGUiOjU0MDAwMDAwMDAwMDAsInJlYWQiOjMwMDAwMDAwMDAwMCwidXBkYXRlIjo1NDAwMDAwMDAwMDAwfX0="
        }
      ]
    }
  ],
  "check_results": null
}
